
Microsoft Visual Studio Solution File, Format Version 12.00
# Visual Studio 2013
VisualStudioVersion = 12.0.30501.0
MinimumVisualStudioVersion = 10.0.40219.1
Project("{2150E333-8FDC-42A3-9474-1A3956D46DE8}") = "Misc", "Misc", "{3777C48C-1D99-4F36-9D93-4968210B00B6}"
EndProject
Project("{FAE04EC0-301F-11D3-BF4B-00C04F79EFBC}") = "ConsoleTest", "ConsoleTest\ConsoleTest.csproj", "{091B65BF-1531-4BBE-86B9-6C1AB9C0135F}"
EndProject
Project("{FAE04EC0-301F-11D3-BF4B-00C04F79EFBC}") = "Service", "Service\Service.csproj", "{4F9BCD84-91CF-453C-A2EB-C65D2412F834}"
EndProject
Project("{FAE04EC0-301F-11D3-BF4B-00C04F79EFBC}") = "ComPoint", "ComPoint\ComPoint.csproj", "{FE7FCB9A-1D9C-46A6-9F6C-D01372479A9E}"
EndProject
Project("{FAE04EC0-301F-11D3-BF4B-00C04F79EFBC}") = "Component", "Component\Component.csproj", "{E749179F-CCA3-4360-862E-421D06F25086}"
EndProject
Project("{2150E333-8FDC-42A3-9474-1A3956D46DE8}") = "TheAbstractWorld", "TheAbstractWorld", "{58876BA6-BE6D-4E91-A2F5-73D45B812B9B}"
EndProject
Project("{FAE04EC0-301F-11D3-BF4B-00C04F79EFBC}") = "AbstructOrInterface", "AbstructOrInterface\AbstructOrInterface.csproj", "{341CBD56-F165-4679-9C63-25A559BCC470}"
EndProject
Project("{FAE04EC0-301F-11D3-BF4B-00C04F79EFBC}") = "FactoryMethod", "FactoryMethod\FactoryMethod.csproj", "{98205C72-3D29-407B-8B56-CE9F6B52EF90}"
EndProject
Project("{FAE04EC0-301F-11D3-BF4B-00C04F79EFBC}") = "SingleTon", "SingleTon\SingleTon.csproj", "{971BEA67-24FA-49E1-8C73-2D8A454BF4C2}"
EndProject
Global
	GlobalSection(SolutionConfigurationPlatforms) = preSolution
		Debug|Any CPU = Debug|Any CPU
		Release|Any CPU = Release|Any CPU
	EndGlobalSection
	GlobalSection(ProjectConfigurationPlatforms) = postSolution
		{091B65BF-1531-4BBE-86B9-6C1AB9C0135F}.Debug|Any CPU.ActiveCfg = Debug|Any CPU
		{091B65BF-1531-4BBE-86B9-6C1AB9C0135F}.Debug|Any CPU.Build.0 = Debug|Any CPU
		{091B65BF-1531-4BBE-86B9-6C1AB9C0135F}.Release|Any CPU.ActiveCfg = Release|Any CPU
		{091B65BF-1531-4BBE-86B9-6C1AB9C0135F}.Release|Any CPU.Build.0 = Release|Any CPU
		{4F9BCD84-91CF-453C-A2EB-C65D2412F834}.Debug|Any CPU.ActiveCfg = Debug|Any CPU
		{4F9BCD84-91CF-453C-A2EB-C65D2412F834}.Debug|Any CPU.Build.0 = Debug|Any CPU
		{4F9BCD84-91CF-453C-A2EB-C65D2412F834}.Release|Any CPU.ActiveCfg = Release|Any CPU
		{4F9BCD84-91CF-453C-A2EB-C65D2412F834}.Release|Any CPU.Build.0 = Release|Any CPU
		{FE7FCB9A-1D9C-46A6-9F6C-D01372479A9E}.Debug|Any CPU.ActiveCfg = Debug|Any CPU
		{FE7FCB9A-1D9C-46A6-9F6C-D01372479A9E}.Debug|Any CPU.Build.0 = Debug|Any CPU
		{FE7FCB9A-1D9C-46A6-9F6C-D01372479A9E}.Release|Any CPU.ActiveCfg = Release|Any CPU
		{FE7FCB9A-1D9C-46A6-9F6C-D01372479A9E}.Release|Any CPU.Build.0 = Release|Any CPU
		{E749179F-CCA3-4360-862E-421D06F25086}.Debug|Any CPU.ActiveCfg = Debug|Any CPU
		{E749179F-CCA3-4360-862E-421D06F25086}.Debug|Any CPU.Build.0 = Debug|Any CPU
		{E749179F-CCA3-4360-862E-421D06F25086}.Release|Any CPU.ActiveCfg = Release|Any CPU
		{E749179F-CCA3-4360-862E-421D06F25086}.Release|Any CPU.Build.0 = Release|Any CPU
		{341CBD56-F165-4679-9C63-25A559BCC470}.Debug|Any CPU.ActiveCfg = Debug|Any CPU
		{341CBD56-F165-4679-9C63-25A559BCC470}.Debug|Any CPU.Build.0 = Debug|Any CPU
		{341CBD56-F165-4679-9C63-25A559BCC470}.Release|Any CPU.ActiveCfg = Release|Any CPU
		{341CBD56-F165-4679-9C63-25A559BCC470}.Release|Any CPU.Build.0 = Release|Any CPU
		{98205C72-3D29-407B-8B56-CE9F6B52EF90}.Debug|Any CPU.ActiveCfg = Debug|Any CPU
		{98205C72-3D29-407B-8B56-CE9F6B52EF90}.Debug|Any CPU.Build.0 = Debug|Any CPU
		{98205C72-3D29-407B-8B56-CE9F6B52EF90}.Release|Any CPU.ActiveCfg = Release|Any CPU
		{98205C72-3D29-407B-8B56-CE9F6B52EF90}.Release|Any CPU.Build.0 = Release|Any CPU
		{971BEA67-24FA-49E1-8C73-2D8A454BF4C2}.Debug|Any CPU.ActiveCfg = Debug|Any CPU
		{971BEA67-24FA-49E1-8C73-2D8A454BF4C2}.Debug|Any CPU.Build.0 = Debug|Any CPU
		{971BEA67-24FA-49E1-8C73-2D8A454BF4C2}.Release|Any CPU.ActiveCfg = Release|Any CPU
		{971BEA67-24FA-49E1-8C73-2D8A454BF4C2}.Release|Any CPU.Build.0 = Release|Any CPU
	EndGlobalSection
	GlobalSection(SolutionProperties) = preSolution
		HideSolutionNode = FALSE
	EndGlobalSection
	GlobalSection(NestedProjects) = preSolution
		{091B65BF-1531-4BBE-86B9-6C1AB9C0135F} = {3777C48C-1D99-4F36-9D93-4968210B00B6}
		{4F9BCD84-91CF-453C-A2EB-C65D2412F834} = {3777C48C-1D99-4F36-9D93-4968210B00B6}
		{FE7FCB9A-1D9C-46A6-9F6C-D01372479A9E} = {3777C48C-1D99-4F36-9D93-4968210B00B6}
		{E749179F-CCA3-4360-862E-421D06F25086} = {3777C48C-1D99-4F36-9D93-4968210B00B6}
		{341CBD56-F165-4679-9C63-25A559BCC470} = {58876BA6-BE6D-4E91-A2F5-73D45B812B9B}
		{98205C72-3D29-407B-8B56-CE9F6B52EF90} = {58876BA6-BE6D-4E91-A2F5-73D45B812B9B}
		{971BEA67-24FA-49E1-8C73-2D8A454BF4C2} = {58876BA6-BE6D-4E91-A2F5-73D45B812B9B}
	EndGlobalSection
EndGlobal
