
Microsoft Visual Studio Solution File, Format Version 12.00
# Visual Studio 15
VisualStudioVersion = 15.0.28307.779
MinimumVisualStudioVersion = 10.0.40219.1
Project("{2150E333-8FDC-42A3-9474-1A3956D46DE8}") = "Misc", "Misc", "{3777C48C-1D99-4F36-9D93-4968210B00B6}"
EndProject
Project("{FAE04EC0-301F-11D3-BF4B-00C04F79EFBC}") = "Component.UI", "Component.UI\Component.UI.csproj", "{47DB9517-EB96-4C39-9509-93367BDF51E7}"
EndProject
Project("{FAE04EC0-301F-11D3-BF4B-00C04F79EFBC}") = "EndPoint", "ClassLibrary1\EndPoint.csproj", "{3F7043FD-6A1A-48B9-9F85-A5E2E276640D}"
EndProject
Project("{FAE04EC0-301F-11D3-BF4B-00C04F79EFBC}") = "Connector.Component", "Connector.Component\Connector.Component.csproj", "{FA96C59B-C67E-4F3A-8E88-BCE0B085321E}"
EndProject
Project("{FAE04EC0-301F-11D3-BF4B-00C04F79EFBC}") = "Connector.Service", "Connector.Service\Connector.Service.csproj", "{805741C3-5A69-466E-8DF2-0A069636BCF8}"
EndProject
Project("{FAE04EC0-301F-11D3-BF4B-00C04F79EFBC}") = "RunApp", "RunApp\RunApp.csproj", "{FC8E0B52-3427-4BA6-92E8-748D36B93CE2}"
EndProject
Global
	GlobalSection(SolutionConfigurationPlatforms) = preSolution
		Debug|.NET = Debug|.NET
		Debug|Any CPU = Debug|Any CPU
		Debug|Mixed Platforms = Debug|Mixed Platforms
		Debug|x86 = Debug|x86
		Release|.NET = Release|.NET
		Release|Any CPU = Release|Any CPU
		Release|Mixed Platforms = Release|Mixed Platforms
		Release|x86 = Release|x86
	EndGlobalSection
	GlobalSection(ProjectConfigurationPlatforms) = postSolution
		{47DB9517-EB96-4C39-9509-93367BDF51E7}.Debug|.NET.ActiveCfg = Debug|Any CPU
		{47DB9517-EB96-4C39-9509-93367BDF51E7}.Debug|.NET.Build.0 = Debug|Any CPU
		{47DB9517-EB96-4C39-9509-93367BDF51E7}.Debug|Any CPU.ActiveCfg = Debug|Any CPU
		{47DB9517-EB96-4C39-9509-93367BDF51E7}.Debug|Any CPU.Build.0 = Debug|Any CPU
		{47DB9517-EB96-4C39-9509-93367BDF51E7}.Debug|Mixed Platforms.ActiveCfg = Debug|Any CPU
		{47DB9517-EB96-4C39-9509-93367BDF51E7}.Debug|Mixed Platforms.Build.0 = Debug|Any CPU
		{47DB9517-EB96-4C39-9509-93367BDF51E7}.Debug|x86.ActiveCfg = Debug|Any CPU
		{47DB9517-EB96-4C39-9509-93367BDF51E7}.Debug|x86.Build.0 = Debug|Any CPU
		{47DB9517-EB96-4C39-9509-93367BDF51E7}.Release|.NET.ActiveCfg = Release|Any CPU
		{47DB9517-EB96-4C39-9509-93367BDF51E7}.Release|.NET.Build.0 = Release|Any CPU
		{47DB9517-EB96-4C39-9509-93367BDF51E7}.Release|Any CPU.ActiveCfg = Release|Any CPU
		{47DB9517-EB96-4C39-9509-93367BDF51E7}.Release|Any CPU.Build.0 = Release|Any CPU
		{47DB9517-EB96-4C39-9509-93367BDF51E7}.Release|Mixed Platforms.ActiveCfg = Release|Any CPU
		{47DB9517-EB96-4C39-9509-93367BDF51E7}.Release|Mixed Platforms.Build.0 = Release|Any CPU
		{47DB9517-EB96-4C39-9509-93367BDF51E7}.Release|x86.ActiveCfg = Release|Any CPU
		{47DB9517-EB96-4C39-9509-93367BDF51E7}.Release|x86.Build.0 = Release|Any CPU
		{3F7043FD-6A1A-48B9-9F85-A5E2E276640D}.Debug|.NET.ActiveCfg = Debug|Any CPU
		{3F7043FD-6A1A-48B9-9F85-A5E2E276640D}.Debug|.NET.Build.0 = Debug|Any CPU
		{3F7043FD-6A1A-48B9-9F85-A5E2E276640D}.Debug|Any CPU.ActiveCfg = Debug|Any CPU
		{3F7043FD-6A1A-48B9-9F85-A5E2E276640D}.Debug|Any CPU.Build.0 = Debug|Any CPU
		{3F7043FD-6A1A-48B9-9F85-A5E2E276640D}.Debug|Mixed Platforms.ActiveCfg = Debug|Any CPU
		{3F7043FD-6A1A-48B9-9F85-A5E2E276640D}.Debug|Mixed Platforms.Build.0 = Debug|Any CPU
		{3F7043FD-6A1A-48B9-9F85-A5E2E276640D}.Debug|x86.ActiveCfg = Debug|Any CPU
		{3F7043FD-6A1A-48B9-9F85-A5E2E276640D}.Debug|x86.Build.0 = Debug|Any CPU
		{3F7043FD-6A1A-48B9-9F85-A5E2E276640D}.Release|.NET.ActiveCfg = Release|Any CPU
		{3F7043FD-6A1A-48B9-9F85-A5E2E276640D}.Release|.NET.Build.0 = Release|Any CPU
		{3F7043FD-6A1A-48B9-9F85-A5E2E276640D}.Release|Any CPU.ActiveCfg = Release|Any CPU
		{3F7043FD-6A1A-48B9-9F85-A5E2E276640D}.Release|Any CPU.Build.0 = Release|Any CPU
		{3F7043FD-6A1A-48B9-9F85-A5E2E276640D}.Release|Mixed Platforms.ActiveCfg = Release|Any CPU
		{3F7043FD-6A1A-48B9-9F85-A5E2E276640D}.Release|Mixed Platforms.Build.0 = Release|Any CPU
		{3F7043FD-6A1A-48B9-9F85-A5E2E276640D}.Release|x86.ActiveCfg = Release|Any CPU
		{3F7043FD-6A1A-48B9-9F85-A5E2E276640D}.Release|x86.Build.0 = Release|Any CPU
		{FA96C59B-C67E-4F3A-8E88-BCE0B085321E}.Debug|.NET.ActiveCfg = Debug|Any CPU
		{FA96C59B-C67E-4F3A-8E88-BCE0B085321E}.Debug|.NET.Build.0 = Debug|Any CPU
		{FA96C59B-C67E-4F3A-8E88-BCE0B085321E}.Debug|Any CPU.ActiveCfg = Debug|Any CPU
		{FA96C59B-C67E-4F3A-8E88-BCE0B085321E}.Debug|Any CPU.Build.0 = Debug|Any CPU
		{FA96C59B-C67E-4F3A-8E88-BCE0B085321E}.Debug|Mixed Platforms.ActiveCfg = Debug|Any CPU
		{FA96C59B-C67E-4F3A-8E88-BCE0B085321E}.Debug|Mixed Platforms.Build.0 = Debug|Any CPU
		{FA96C59B-C67E-4F3A-8E88-BCE0B085321E}.Debug|x86.ActiveCfg = Debug|Any CPU
		{FA96C59B-C67E-4F3A-8E88-BCE0B085321E}.Debug|x86.Build.0 = Debug|Any CPU
		{FA96C59B-C67E-4F3A-8E88-BCE0B085321E}.Release|.NET.ActiveCfg = Release|Any CPU
		{FA96C59B-C67E-4F3A-8E88-BCE0B085321E}.Release|.NET.Build.0 = Release|Any CPU
		{FA96C59B-C67E-4F3A-8E88-BCE0B085321E}.Release|Any CPU.ActiveCfg = Release|Any CPU
		{FA96C59B-C67E-4F3A-8E88-BCE0B085321E}.Release|Any CPU.Build.0 = Release|Any CPU
		{FA96C59B-C67E-4F3A-8E88-BCE0B085321E}.Release|Mixed Platforms.ActiveCfg = Release|Any CPU
		{FA96C59B-C67E-4F3A-8E88-BCE0B085321E}.Release|Mixed Platforms.Build.0 = Release|Any CPU
		{FA96C59B-C67E-4F3A-8E88-BCE0B085321E}.Release|x86.ActiveCfg = Release|Any CPU
		{FA96C59B-C67E-4F3A-8E88-BCE0B085321E}.Release|x86.Build.0 = Release|Any CPU
		{805741C3-5A69-466E-8DF2-0A069636BCF8}.Debug|.NET.ActiveCfg = Debug|Any CPU
		{805741C3-5A69-466E-8DF2-0A069636BCF8}.Debug|.NET.Build.0 = Debug|Any CPU
		{805741C3-5A69-466E-8DF2-0A069636BCF8}.Debug|Any CPU.ActiveCfg = Debug|Any CPU
		{805741C3-5A69-466E-8DF2-0A069636BCF8}.Debug|Any CPU.Build.0 = Debug|Any CPU
		{805741C3-5A69-466E-8DF2-0A069636BCF8}.Debug|Mixed Platforms.ActiveCfg = Debug|Any CPU
		{805741C3-5A69-466E-8DF2-0A069636BCF8}.Debug|Mixed Platforms.Build.0 = Debug|Any CPU
		{805741C3-5A69-466E-8DF2-0A069636BCF8}.Debug|x86.ActiveCfg = Debug|Any CPU
		{805741C3-5A69-466E-8DF2-0A069636BCF8}.Debug|x86.Build.0 = Debug|Any CPU
		{805741C3-5A69-466E-8DF2-0A069636BCF8}.Release|.NET.ActiveCfg = Release|Any CPU
		{805741C3-5A69-466E-8DF2-0A069636BCF8}.Release|.NET.Build.0 = Release|Any CPU
		{805741C3-5A69-466E-8DF2-0A069636BCF8}.Release|Any CPU.ActiveCfg = Release|Any CPU
		{805741C3-5A69-466E-8DF2-0A069636BCF8}.Release|Any CPU.Build.0 = Release|Any CPU
		{805741C3-5A69-466E-8DF2-0A069636BCF8}.Release|Mixed Platforms.ActiveCfg = Release|Any CPU
		{805741C3-5A69-466E-8DF2-0A069636BCF8}.Release|Mixed Platforms.Build.0 = Release|Any CPU
		{805741C3-5A69-466E-8DF2-0A069636BCF8}.Release|x86.ActiveCfg = Release|Any CPU
		{805741C3-5A69-466E-8DF2-0A069636BCF8}.Release|x86.Build.0 = Release|Any CPU
		{FC8E0B52-3427-4BA6-92E8-748D36B93CE2}.Debug|.NET.ActiveCfg = Debug|Any CPU
		{FC8E0B52-3427-4BA6-92E8-748D36B93CE2}.Debug|.NET.Build.0 = Debug|Any CPU
		{FC8E0B52-3427-4BA6-92E8-748D36B93CE2}.Debug|Any CPU.ActiveCfg = Debug|Any CPU
		{FC8E0B52-3427-4BA6-92E8-748D36B93CE2}.Debug|Any CPU.Build.0 = Debug|Any CPU
		{FC8E0B52-3427-4BA6-92E8-748D36B93CE2}.Debug|Mixed Platforms.ActiveCfg = Debug|Any CPU
		{FC8E0B52-3427-4BA6-92E8-748D36B93CE2}.Debug|Mixed Platforms.Build.0 = Debug|Any CPU
		{FC8E0B52-3427-4BA6-92E8-748D36B93CE2}.Debug|x86.ActiveCfg = Debug|Any CPU
		{FC8E0B52-3427-4BA6-92E8-748D36B93CE2}.Debug|x86.Build.0 = Debug|Any CPU
		{FC8E0B52-3427-4BA6-92E8-748D36B93CE2}.Release|.NET.ActiveCfg = Release|Any CPU
		{FC8E0B52-3427-4BA6-92E8-748D36B93CE2}.Release|.NET.Build.0 = Release|Any CPU
		{FC8E0B52-3427-4BA6-92E8-748D36B93CE2}.Release|Any CPU.ActiveCfg = Release|Any CPU
		{FC8E0B52-3427-4BA6-92E8-748D36B93CE2}.Release|Any CPU.Build.0 = Release|Any CPU
		{FC8E0B52-3427-4BA6-92E8-748D36B93CE2}.Release|Mixed Platforms.ActiveCfg = Release|Any CPU
		{FC8E0B52-3427-4BA6-92E8-748D36B93CE2}.Release|Mixed Platforms.Build.0 = Release|Any CPU
		{FC8E0B52-3427-4BA6-92E8-748D36B93CE2}.Release|x86.ActiveCfg = Release|Any CPU
		{FC8E0B52-3427-4BA6-92E8-748D36B93CE2}.Release|x86.Build.0 = Release|Any CPU
	EndGlobalSection
	GlobalSection(SolutionProperties) = preSolution
		HideSolutionNode = FALSE
	EndGlobalSection
	GlobalSection(NestedProjects) = preSolution
		{47DB9517-EB96-4C39-9509-93367BDF51E7} = {3777C48C-1D99-4F36-9D93-4968210B00B6}
		{3F7043FD-6A1A-48B9-9F85-A5E2E276640D} = {3777C48C-1D99-4F36-9D93-4968210B00B6}
		{FA96C59B-C67E-4F3A-8E88-BCE0B085321E} = {3777C48C-1D99-4F36-9D93-4968210B00B6}
		{805741C3-5A69-466E-8DF2-0A069636BCF8} = {3777C48C-1D99-4F36-9D93-4968210B00B6}
		{FC8E0B52-3427-4BA6-92E8-748D36B93CE2} = {3777C48C-1D99-4F36-9D93-4968210B00B6}
	EndGlobalSection
	GlobalSection(ExtensibilityGlobals) = postSolution
		SolutionGuid = {4896B8A8-A4C3-45E4-ABA6-2B35B8B1CC33}
	EndGlobalSection
EndGlobal
