
Microsoft Visual Studio Solution File, Format Version 12.00
# Visual Studio 14
VisualStudioVersion = 14.0.22609.0
MinimumVisualStudioVersion = 10.0.40219.1
Project("{FAE04EC0-301F-11D3-BF4B-00C04F79EFBC}") = "EasyBuild", "EasyBuild\EasyBuild.csproj", "{E98C26F5-15DE-4A59-8AE9-6745B0C2D7B6}"
EndProject
Project("{FAE04EC0-301F-11D3-BF4B-00C04F79EFBC}") = "BuildService", "BuildService\BuildService.csproj", "{0DB9AF0B-A67B-49EA-8A80-1021E2E3B059}"
EndProject
Project("{FAE04EC0-301F-11D3-BF4B-00C04F79EFBC}") = "TestBuild", "TestBuild\TestBuild.csproj", "{DFF44882-B7D2-4DD3-8DE0-0C3BB3BB05DD}"
EndProject
Project("{2150E333-8FDC-42A3-9474-1A3956D46DE8}") = "NGIT", "NGIT", "{37592162-6F9B-423E-9D16-3491193A55F7}"
EndProject
Project("{FAE04EC0-301F-11D3-BF4B-00C04F79EFBC}") = "NGit", "..\N\NGit\NGit.csproj", "{E3BFF8B4-189C-496A-A817-7E8B31E22B91}"
EndProject
Project("{FAE04EC0-301F-11D3-BF4B-00C04F79EFBC}") = "Sharpen", "..\N\Sharpen\Sharpen.csproj", "{72944A6C-45FF-4EF8-B349-8C9CABF519D4}"
EndProject
Project("{FAE04EC0-301F-11D3-BF4B-00C04F79EFBC}") = "NSch", "..\N\NSch\NSch.csproj", "{A19E6F3F-A25B-4B01-8922-CF0CC35C781D}"
EndProject
Project("{FAE04EC0-301F-11D3-BF4B-00C04F79EFBC}") = "RepositoryService", "RepositoryService\RepositoryService.csproj", "{C6AF1504-1DF8-494B-8199-663F19BB55A8}"
EndProject
Project("{FAE04EC0-301F-11D3-BF4B-00C04F79EFBC}") = "Infrastructure", "Infrastructure\Infrastructure.csproj", "{719B526C-C35B-4916-BD70-C738125E2D9E}"
EndProject
Project("{2150E333-8FDC-42A3-9474-1A3956D46DE8}") = "Engine", "Engine", "{D828BF73-0A17-429E-9FC8-8D39687CF355}"
EndProject
Project("{FAE04EC0-301F-11D3-BF4B-00C04F79EFBC}") = "ScheduleEngine", "ScheduleEngine\ScheduleEngine.csproj", "{69699728-E0BB-4F36-B2E7-A6C0CDBE325C}"
EndProject
Project("{2150E333-8FDC-42A3-9474-1A3956D46DE8}") = "Implementation", "Implementation", "{577FA54F-A6BE-4977-A33F-8E5EDA3BDD14}"
EndProject
Project("{FAE04EC0-301F-11D3-BF4B-00C04F79EFBC}") = "BasicSchedulingProvider", "BasicSchedulingProvider\BasicSchedulingProvider.csproj", "{8B8A268E-8D8D-4B35-A204-E822AF3EA184}"
EndProject
Project("{FAE04EC0-301F-11D3-BF4B-00C04F79EFBC}") = "BuildTask", "BuildTask\BuildTask.csproj", "{BB5C3B5D-25EA-4B71-AD14-A9368068803A}"
EndProject
Project("{2150E333-8FDC-42A3-9474-1A3956D46DE8}") = "Configuration", "Configuration", "{AF420581-0725-4725-8E85-F37E12F35CA7}"
EndProject
Project("{FAE04EC0-301F-11D3-BF4B-00C04F79EFBC}") = "TaskScheduleConfigurationResolver", "TaskScheduleConfigurationResolver\TaskScheduleConfigurationResolver.csproj", "{FAD13183-496E-4E3C-9AE2-4DC8B02C10F2}"
EndProject
Project("{2150E333-8FDC-42A3-9474-1A3956D46DE8}") = "Interface", "Interface", "{6145D17C-9934-4B02-BCB0-EBFAC75E7280}"
EndProject
Project("{2150E333-8FDC-42A3-9474-1A3956D46DE8}") = "TaskScheduling", "TaskScheduling", "{81DBB474-52B3-4A80-BAF4-96567A454F48}"
EndProject
Project("{2150E333-8FDC-42A3-9474-1A3956D46DE8}") = "Integration", "Integration", "{6735281A-FBB8-4E1C-9BD1-EB04AAE3A5CE}"
EndProject
Project("{2150E333-8FDC-42A3-9474-1A3956D46DE8}") = "UI", "UI", "{48925A3A-B836-4034-B8C5-6AF8A98FD88F}"
EndProject
Project("{2150E333-8FDC-42A3-9474-1A3956D46DE8}") = "Source", "Source", "{E3D2C087-2EFF-48B7-AC10-FEF68232B584}"
EndProject
Project("{2150E333-8FDC-42A3-9474-1A3956D46DE8}") = "Deploy", "Deploy", "{D09E5DB1-1C22-4529-8FC1-345A1D5CB7C3}"
EndProject
Project("{2150E333-8FDC-42A3-9474-1A3956D46DE8}") = "Interface", "Interface", "{9B3446CF-E631-4E0E-9F58-E7148531155A}"
EndProject
Project("{FAE04EC0-301F-11D3-BF4B-00C04F79EFBC}") = "Integration.Infrastructure", "Integration.Infrastructure\Integration.Infrastructure.csproj", "{EFD2C92E-43A4-4C65-8313-0D0D5EB040AD}"
EndProject
Project("{2150E333-8FDC-42A3-9474-1A3956D46DE8}") = "Implementation", "Implementation", "{A0B401E7-3B3C-4FE5-AD78-C21CA5595D3F}"
EndProject
Project("{FAE04EC0-301F-11D3-BF4B-00C04F79EFBC}") = "API", "API\API.csproj", "{29619EFE-8F0D-4D86-98FE-BD849F60959A}"
EndProject
Global
	GlobalSection(SolutionConfigurationPlatforms) = preSolution
		Debug|Any CPU = Debug|Any CPU
		Release|Any CPU = Release|Any CPU
	EndGlobalSection
	GlobalSection(ProjectConfigurationPlatforms) = postSolution
		{E98C26F5-15DE-4A59-8AE9-6745B0C2D7B6}.Debug|Any CPU.ActiveCfg = Debug|Any CPU
		{E98C26F5-15DE-4A59-8AE9-6745B0C2D7B6}.Debug|Any CPU.Build.0 = Debug|Any CPU
		{E98C26F5-15DE-4A59-8AE9-6745B0C2D7B6}.Release|Any CPU.ActiveCfg = Release|Any CPU
		{E98C26F5-15DE-4A59-8AE9-6745B0C2D7B6}.Release|Any CPU.Build.0 = Release|Any CPU
		{0DB9AF0B-A67B-49EA-8A80-1021E2E3B059}.Debug|Any CPU.ActiveCfg = Debug|Any CPU
		{0DB9AF0B-A67B-49EA-8A80-1021E2E3B059}.Debug|Any CPU.Build.0 = Debug|Any CPU
		{0DB9AF0B-A67B-49EA-8A80-1021E2E3B059}.Release|Any CPU.ActiveCfg = Release|Any CPU
		{0DB9AF0B-A67B-49EA-8A80-1021E2E3B059}.Release|Any CPU.Build.0 = Release|Any CPU
		{DFF44882-B7D2-4DD3-8DE0-0C3BB3BB05DD}.Debug|Any CPU.ActiveCfg = Debug|Any CPU
		{DFF44882-B7D2-4DD3-8DE0-0C3BB3BB05DD}.Debug|Any CPU.Build.0 = Debug|Any CPU
		{DFF44882-B7D2-4DD3-8DE0-0C3BB3BB05DD}.Release|Any CPU.ActiveCfg = Release|Any CPU
		{DFF44882-B7D2-4DD3-8DE0-0C3BB3BB05DD}.Release|Any CPU.Build.0 = Release|Any CPU
		{E3BFF8B4-189C-496A-A817-7E8B31E22B91}.Debug|Any CPU.ActiveCfg = Debug|Any CPU
		{E3BFF8B4-189C-496A-A817-7E8B31E22B91}.Debug|Any CPU.Build.0 = Debug|Any CPU
		{E3BFF8B4-189C-496A-A817-7E8B31E22B91}.Release|Any CPU.ActiveCfg = Release|Any CPU
		{E3BFF8B4-189C-496A-A817-7E8B31E22B91}.Release|Any CPU.Build.0 = Release|Any CPU
		{72944A6C-45FF-4EF8-B349-8C9CABF519D4}.Debug|Any CPU.ActiveCfg = Debug|Any CPU
		{72944A6C-45FF-4EF8-B349-8C9CABF519D4}.Debug|Any CPU.Build.0 = Debug|Any CPU
		{72944A6C-45FF-4EF8-B349-8C9CABF519D4}.Release|Any CPU.ActiveCfg = Release|Any CPU
		{72944A6C-45FF-4EF8-B349-8C9CABF519D4}.Release|Any CPU.Build.0 = Release|Any CPU
		{A19E6F3F-A25B-4B01-8922-CF0CC35C781D}.Debug|Any CPU.ActiveCfg = Debug|Any CPU
		{A19E6F3F-A25B-4B01-8922-CF0CC35C781D}.Debug|Any CPU.Build.0 = Debug|Any CPU
		{A19E6F3F-A25B-4B01-8922-CF0CC35C781D}.Release|Any CPU.ActiveCfg = Release|Any CPU
		{A19E6F3F-A25B-4B01-8922-CF0CC35C781D}.Release|Any CPU.Build.0 = Release|Any CPU
		{C6AF1504-1DF8-494B-8199-663F19BB55A8}.Debug|Any CPU.ActiveCfg = Debug|Any CPU
		{C6AF1504-1DF8-494B-8199-663F19BB55A8}.Debug|Any CPU.Build.0 = Debug|Any CPU
		{C6AF1504-1DF8-494B-8199-663F19BB55A8}.Release|Any CPU.ActiveCfg = Release|Any CPU
		{C6AF1504-1DF8-494B-8199-663F19BB55A8}.Release|Any CPU.Build.0 = Release|Any CPU
		{719B526C-C35B-4916-BD70-C738125E2D9E}.Debug|Any CPU.ActiveCfg = Debug|Any CPU
		{719B526C-C35B-4916-BD70-C738125E2D9E}.Debug|Any CPU.Build.0 = Debug|Any CPU
		{719B526C-C35B-4916-BD70-C738125E2D9E}.Release|Any CPU.ActiveCfg = Release|Any CPU
		{719B526C-C35B-4916-BD70-C738125E2D9E}.Release|Any CPU.Build.0 = Release|Any CPU
		{69699728-E0BB-4F36-B2E7-A6C0CDBE325C}.Debug|Any CPU.ActiveCfg = Debug|Any CPU
		{69699728-E0BB-4F36-B2E7-A6C0CDBE325C}.Debug|Any CPU.Build.0 = Debug|Any CPU
		{69699728-E0BB-4F36-B2E7-A6C0CDBE325C}.Release|Any CPU.ActiveCfg = Release|Any CPU
		{69699728-E0BB-4F36-B2E7-A6C0CDBE325C}.Release|Any CPU.Build.0 = Release|Any CPU
		{8B8A268E-8D8D-4B35-A204-E822AF3EA184}.Debug|Any CPU.ActiveCfg = Debug|Any CPU
		{8B8A268E-8D8D-4B35-A204-E822AF3EA184}.Debug|Any CPU.Build.0 = Debug|Any CPU
		{8B8A268E-8D8D-4B35-A204-E822AF3EA184}.Release|Any CPU.ActiveCfg = Release|Any CPU
		{8B8A268E-8D8D-4B35-A204-E822AF3EA184}.Release|Any CPU.Build.0 = Release|Any CPU
		{BB5C3B5D-25EA-4B71-AD14-A9368068803A}.Debug|Any CPU.ActiveCfg = Debug|Any CPU
		{BB5C3B5D-25EA-4B71-AD14-A9368068803A}.Debug|Any CPU.Build.0 = Debug|Any CPU
		{BB5C3B5D-25EA-4B71-AD14-A9368068803A}.Release|Any CPU.ActiveCfg = Release|Any CPU
		{BB5C3B5D-25EA-4B71-AD14-A9368068803A}.Release|Any CPU.Build.0 = Release|Any CPU
		{FAD13183-496E-4E3C-9AE2-4DC8B02C10F2}.Debug|Any CPU.ActiveCfg = Debug|Any CPU
		{FAD13183-496E-4E3C-9AE2-4DC8B02C10F2}.Debug|Any CPU.Build.0 = Debug|Any CPU
		{FAD13183-496E-4E3C-9AE2-4DC8B02C10F2}.Release|Any CPU.ActiveCfg = Release|Any CPU
		{FAD13183-496E-4E3C-9AE2-4DC8B02C10F2}.Release|Any CPU.Build.0 = Release|Any CPU
		{EFD2C92E-43A4-4C65-8313-0D0D5EB040AD}.Debug|Any CPU.ActiveCfg = Debug|Any CPU
		{EFD2C92E-43A4-4C65-8313-0D0D5EB040AD}.Debug|Any CPU.Build.0 = Debug|Any CPU
		{EFD2C92E-43A4-4C65-8313-0D0D5EB040AD}.Release|Any CPU.ActiveCfg = Release|Any CPU
		{EFD2C92E-43A4-4C65-8313-0D0D5EB040AD}.Release|Any CPU.Build.0 = Release|Any CPU
		{29619EFE-8F0D-4D86-98FE-BD849F60959A}.Debug|Any CPU.ActiveCfg = Debug|Any CPU
		{29619EFE-8F0D-4D86-98FE-BD849F60959A}.Debug|Any CPU.Build.0 = Debug|Any CPU
		{29619EFE-8F0D-4D86-98FE-BD849F60959A}.Release|Any CPU.ActiveCfg = Release|Any CPU
		{29619EFE-8F0D-4D86-98FE-BD849F60959A}.Release|Any CPU.Build.0 = Release|Any CPU
	EndGlobalSection
	GlobalSection(SolutionProperties) = preSolution
		HideSolutionNode = FALSE
	EndGlobalSection
	GlobalSection(NestedProjects) = preSolution
		{E98C26F5-15DE-4A59-8AE9-6745B0C2D7B6} = {48925A3A-B836-4034-B8C5-6AF8A98FD88F}
		{0DB9AF0B-A67B-49EA-8A80-1021E2E3B059} = {D09E5DB1-1C22-4529-8FC1-345A1D5CB7C3}
		{37592162-6F9B-423E-9D16-3491193A55F7} = {E3D2C087-2EFF-48B7-AC10-FEF68232B584}
		{E3BFF8B4-189C-496A-A817-7E8B31E22B91} = {37592162-6F9B-423E-9D16-3491193A55F7}
		{72944A6C-45FF-4EF8-B349-8C9CABF519D4} = {37592162-6F9B-423E-9D16-3491193A55F7}
		{A19E6F3F-A25B-4B01-8922-CF0CC35C781D} = {37592162-6F9B-423E-9D16-3491193A55F7}
		{C6AF1504-1DF8-494B-8199-663F19BB55A8} = {E3D2C087-2EFF-48B7-AC10-FEF68232B584}
		{719B526C-C35B-4916-BD70-C738125E2D9E} = {6145D17C-9934-4B02-BCB0-EBFAC75E7280}
		{D828BF73-0A17-429E-9FC8-8D39687CF355} = {81DBB474-52B3-4A80-BAF4-96567A454F48}
		{69699728-E0BB-4F36-B2E7-A6C0CDBE325C} = {D828BF73-0A17-429E-9FC8-8D39687CF355}
		{577FA54F-A6BE-4977-A33F-8E5EDA3BDD14} = {81DBB474-52B3-4A80-BAF4-96567A454F48}
		{8B8A268E-8D8D-4B35-A204-E822AF3EA184} = {577FA54F-A6BE-4977-A33F-8E5EDA3BDD14}
		{BB5C3B5D-25EA-4B71-AD14-A9368068803A} = {577FA54F-A6BE-4977-A33F-8E5EDA3BDD14}
		{AF420581-0725-4725-8E85-F37E12F35CA7} = {577FA54F-A6BE-4977-A33F-8E5EDA3BDD14}
		{FAD13183-496E-4E3C-9AE2-4DC8B02C10F2} = {AF420581-0725-4725-8E85-F37E12F35CA7}
		{6145D17C-9934-4B02-BCB0-EBFAC75E7280} = {81DBB474-52B3-4A80-BAF4-96567A454F48}
		{E3D2C087-2EFF-48B7-AC10-FEF68232B584} = {A0B401E7-3B3C-4FE5-AD78-C21CA5595D3F}
		{D09E5DB1-1C22-4529-8FC1-345A1D5CB7C3} = {A0B401E7-3B3C-4FE5-AD78-C21CA5595D3F}
		{9B3446CF-E631-4E0E-9F58-E7148531155A} = {6735281A-FBB8-4E1C-9BD1-EB04AAE3A5CE}
		{EFD2C92E-43A4-4C65-8313-0D0D5EB040AD} = {9B3446CF-E631-4E0E-9F58-E7148531155A}
		{A0B401E7-3B3C-4FE5-AD78-C21CA5595D3F} = {6735281A-FBB8-4E1C-9BD1-EB04AAE3A5CE}
		{29619EFE-8F0D-4D86-98FE-BD849F60959A} = {D828BF73-0A17-429E-9FC8-8D39687CF355}
	EndGlobalSection
EndGlobal
